
Microsoft Visual Studio Solution File, Format Version 12.00
# Visual Studio 15
VisualStudioVersion = 15.0.28010.2050
MinimumVisualStudioVersion = 10.0.40219.1
Project("{F184B08F-C81C-45F6-A57F-5ABD9991F28F}") = "MultiLibrary", "MultiLibrary\MultiLibrary.vbproj", "{4C94F0A0-82AA-416B-B408-6BAC9CD00D11}"
EndProject
Project("{F184B08F-C81C-45F6-A57F-5ABD9991F28F}") = "WindowsApp1", "WindowsApp1\WindowsApp1.vbproj", "{A85868A3-357B-4462-869A-96208F218200}"
EndProject
Global
	GlobalSection(SolutionConfigurationPlatforms) = preSolution
		Debug|Any CPU = Debug|Any CPU
		Release|Any CPU = Release|Any CPU
	EndGlobalSection
	GlobalSection(ProjectConfigurationPlatforms) = postSolution
		{4C94F0A0-82AA-416B-B408-6BAC9CD00D11}.Debug|Any CPU.ActiveCfg = Debug|Any CPU
		{4C94F0A0-82AA-416B-B408-6BAC9CD00D11}.Debug|Any CPU.Build.0 = Debug|Any CPU
		{4C94F0A0-82AA-416B-B408-6BAC9CD00D11}.Release|Any CPU.ActiveCfg = Release|Any CPU
		{4C94F0A0-82AA-416B-B408-6BAC9CD00D11}.Release|Any CPU.Build.0 = Release|Any CPU
		{A85868A3-357B-4462-869A-96208F218200}.Debug|Any CPU.ActiveCfg = Debug|Any CPU
		{A85868A3-357B-4462-869A-96208F218200}.Debug|Any CPU.Build.0 = Debug|Any CPU
		{A85868A3-357B-4462-869A-96208F218200}.Release|Any CPU.ActiveCfg = Release|Any CPU
		{A85868A3-357B-4462-869A-96208F218200}.Release|Any CPU.Build.0 = Release|Any CPU
	EndGlobalSection
	GlobalSection(SolutionProperties) = preSolution
		HideSolutionNode = FALSE
	EndGlobalSection
	GlobalSection(ExtensibilityGlobals) = postSolution
		SolutionGuid = {FD1FF74B-E79F-42AF-ACF1-D76197239416}
	EndGlobalSection
EndGlobal
